
Microsoft Visual Studio Solution File, Format Version 12.00
# Visual Studio Version 17
VisualStudioVersion = 17.3.32825.248
MinimumVisualStudioVersion = 10.0.40219.1
Project("{FAE04EC0-301F-11D3-BF4B-00C04F79EFBC}") = "NewBegining", "NewBegining\NewBegining.csproj", "{81F43E4D-43EB-4511-A414-ED5259BF19DA}"
EndProject
Global
	GlobalSection(SolutionConfigurationPlatforms) = preSolution
		Debug|Any CPU = Debug|Any CPU
		Release|Any CPU = Release|Any CPU
	EndGlobalSection
	GlobalSection(ProjectConfigurationPlatforms) = postSolution
		{81F43E4D-43EB-4511-A414-ED5259BF19DA}.Debug|Any CPU.ActiveCfg = Debug|Any CPU
		{81F43E4D-43EB-4511-A414-ED5259BF19DA}.Debug|Any CPU.Build.0 = Debug|Any CPU
		{81F43E4D-43EB-4511-A414-ED5259BF19DA}.Release|Any CPU.ActiveCfg = Release|Any CPU
		{81F43E4D-43EB-4511-A414-ED5259BF19DA}.Release|Any CPU.Build.0 = Release|Any CPU
	EndGlobalSection
	GlobalSection(SolutionProperties) = preSolution
		HideSolutionNode = FALSE
	EndGlobalSection
	GlobalSection(ExtensibilityGlobals) = postSolution
		SolutionGuid = {A693B1CE-FBA6-40FB-AD86-7CFFF0D13178}
	EndGlobalSection
EndGlobal
